
Microsoft Visual Studio Solution File, Format Version 12.00
# Visual Studio Version 17
VisualStudioVersion = 17.0.32014.148
MinimumVisualStudioVersion = 10.0.40219.1
Project("{FAE04EC0-301F-11D3-BF4B-00C04F79EFBC}") = "MessingWithStartups", "MessingWithStartups.csproj", "{FBCC54F7-2458-45A6-919E-13D7C27A3680}"
EndProject
Global
	GlobalSection(SolutionConfigurationPlatforms) = preSolution
		Debug|Any CPU = Debug|Any CPU
		Release|Any CPU = Release|Any CPU
	EndGlobalSection
	GlobalSection(ProjectConfigurationPlatforms) = postSolution
		{FBCC54F7-2458-45A6-919E-13D7C27A3680}.Debug|Any CPU.ActiveCfg = Debug|Any CPU
		{FBCC54F7-2458-45A6-919E-13D7C27A3680}.Debug|Any CPU.Build.0 = Debug|Any CPU
		{FBCC54F7-2458-45A6-919E-13D7C27A3680}.Release|Any CPU.ActiveCfg = Release|Any CPU
		{FBCC54F7-2458-45A6-919E-13D7C27A3680}.Release|Any CPU.Build.0 = Release|Any CPU
	EndGlobalSection
	GlobalSection(SolutionProperties) = preSolution
		HideSolutionNode = FALSE
	EndGlobalSection
	GlobalSection(ExtensibilityGlobals) = postSolution
		SolutionGuid = {799B4CB7-0F25-4080-98BC-A15E52CC7ACE}
	EndGlobalSection
EndGlobal
